# This file was autogenerated by Stack.
# You should not edit this file by hand.
# For more information, please see the documentation at:
#   https://docs.haskellstack.org/en/stable/lock_files

packages:
- completed:
    hackage: aeson-yaml-1.1.0.0@sha256:36cfdda776a43b0aa0e108c4632e0f007fa5c651e7294c57cbe2a508191808c4,1975
    pantry-tree:
      size: 451
      sha256: ef06a97bc0974a4a3d78623ff25c22e82d6962eb7cdc6e1a72e16f8d02557f45
  original:
    hackage: aeson-yaml-1.1.0.0
- completed:
    hackage: dhall-1.36.0@sha256:49d22019392c73a4d50d0f7741423d1c848215c2d0bfa118225940b2c234a550,34191
    pantry-tree:
      size: 304480
      sha256: 3371c489a0b2d387052b1895ea0ceeb28860f0763337b73d8d4e979ec712ee96
  original:
    hackage: dhall-1.36.0
- completed:
    hackage: haskeline-0.8.1.0@sha256:6a6158c90b929ce7aa5331ff5e9819aa32c7df8f4a7ba324b3cc055ee96b48cb,5818
    pantry-tree:
      size: 2955
      sha256: b80332551d20389637851299b618679a8435531bed1fed905195ae7163526999
  original:
    hackage: haskeline-0.8.1.0
- completed:
    hackage: prettyprinter-1.7.0@sha256:6a9569e21fa61163a7f066d23d701e23e917893e8f39733d6e617ec72787ae5f,6007
    pantry-tree:
      size: 3194
      sha256: d22f820a1f63497f7fd7e1f04b7d356d92de35582258f6ad55428c88b09e63ff
  original:
    hackage: prettyprinter-1.7.0
- completed:
    hackage: repline-0.4.0.0@sha256:3324479e497d27c40c3d4762bffc52058f9921621d20d2947dcf9a554b94cd0d,2253
    pantry-tree:
      size: 564
      sha256: bff43f9a5b0a212c29c12e2e22b528d9071b2a7d13489ce5bdc54ae9eac853cf
  original:
    hackage: repline-0.4.0.0
- completed:
    name: host-and-port
    version: 0.0.1.0
    git: https://github.com/trskop/host-and-port
    pantry-tree:
      size: 1534
      sha256: f9f5528cc035d9744e54f044fb5c807f989601002ec9d55fc27cc6571f57fbbd
    commit: 6ad44d8549822e12715531f860b17d0b608709d8
  original:
    git: https://github.com/trskop/host-and-port
    commit: 6ad44d8549822e12715531f860b17d0b608709d8
snapshots:
- completed:
    size: 532177
    url: https://raw.githubusercontent.com/commercialhaskell/stackage-snapshots/master/lts/16/20.yaml
    sha256: 0e14ba5603f01e8496e8984fd84b545a012ca723f51a098c6c9d3694e404dc6d
  original:
    url: https://raw.githubusercontent.com/commercialhaskell/stackage-snapshots/master/lts/16/20.yaml
